
Microsoft Visual Studio Solution File, Format Version 12.00
# Visual Studio 14
VisualStudioVersion = 14.0.23107.0
MinimumVisualStudioVersion = 10.0.40219.1
Project("{2150E333-8FDC-42A3-9474-1A3956D46DE8}") = "Asp.net Design Pattern", "Asp.net Design Pattern", "{67854778-0F34-43CA-9495-1066ED7734F3}"
EndProject
Project("{2150E333-8FDC-42A3-9474-1A3956D46DE8}") = "Application Architecture and design", "Application Architecture and design", "{5FF0C367-3FA9-4069-959E-9ABD56B8ED64}"
	ProjectSection(SolutionItems) = preProject
		Entreprise_Architecture_Layer.png = Entreprise_Architecture_Layer.png
		Entreprise_Architecture_Sequence_Diagram_Call.png = Entreprise_Architecture_Sequence_Diagram_Call.png
	EndProjectSection
EndProject
Project("{FAE04EC0-301F-11D3-BF4B-00C04F79EFBC}") = "Entreprise.Architecture.Repository", "Entreprise.Architecture.Repository\Entreprise.Architecture.Repository.csproj", "{17CF766F-57E7-4E2E-B3CC-142965140E75}"
EndProject
Project("{FAE04EC0-301F-11D3-BF4B-00C04F79EFBC}") = "Entreprise.Architecture.Model", "Entreprise.Architecture.Model\Entreprise.Architecture.Model.csproj", "{6AEC4BB6-16F1-40C1-8699-8CF3C4F7BF2C}"
EndProject
Project("{FAE04EC0-301F-11D3-BF4B-00C04F79EFBC}") = "Entreprise.Architecture.Service", "Entreprise.Architecture.Service\Entreprise.Architecture.Service.csproj", "{B89A8B4B-5859-4404-9BE0-1B0584D95621}"
EndProject
Project("{FAE04EC0-301F-11D3-BF4B-00C04F79EFBC}") = "Entreprise.Architect.Presentation", "Entreprise.Architect.Presentation\Entreprise.Architect.Presentation.csproj", "{85ECDC8C-C7DC-4539-BBF7-B08F20873949}"
EndProject
Project("{FAE04EC0-301F-11D3-BF4B-00C04F79EFBC}") = "Entreprise.Architecture.WebUI", "Entreprise.Architecture.WebUI\Entreprise.Architecture.WebUI.csproj", "{F5C6B4A4-FE6F-4C1D-927D-414BAF780CF5}"
EndProject
Project("{2150E333-8FDC-42A3-9474-1A3956D46DE8}") = "Data Access Layer", "Data Access Layer", "{13FAD44D-1352-481E-B9AD-255F8524E02F}"
EndProject
Project("{2150E333-8FDC-42A3-9474-1A3956D46DE8}") = "Business Logic Layer", "Business Logic Layer", "{22C6EB62-FF93-4FC8-A00A-E962F153BF83}"
EndProject
Project("{2150E333-8FDC-42A3-9474-1A3956D46DE8}") = "Service Layer", "Service Layer", "{C0EBDC88-8916-498C-ADCC-C9ACC2145B67}"
EndProject
Project("{2150E333-8FDC-42A3-9474-1A3956D46DE8}") = "Presentation Layer", "Presentation Layer", "{E57E358F-348C-46D1-8A6D-B3CC345840C1}"
EndProject
Project("{2150E333-8FDC-42A3-9474-1A3956D46DE8}") = "User Experience Layer", "User Experience Layer", "{3729B93C-B031-427A-BD93-D4F960D45B26}"
EndProject
Project("{FAE04EC0-301F-11D3-BF4B-00C04F79EFBC}") = "Entreprise.Architecture.BBL.Contract", "Entreprise.Architecture.Contract\Entreprise.Architecture.BBL.Contract.csproj", "{7FE5385A-65C7-457F-90BF-03DD1636B8C2}"
EndProject
Project("{2150E333-8FDC-42A3-9474-1A3956D46DE8}") = "BLL Pattern", "BLL Pattern", "{F0210DFB-F47A-4E73-AF21-7163F19D0FE2}"
EndProject
Project("{2150E333-8FDC-42A3-9474-1A3956D46DE8}") = "Transaction Script", "Transaction Script", "{947FF8C3-7639-4005-9F07-5827DE431402}"
	ProjectSection(SolutionItems) = preProject
		Transaction_Script_Diagram_View.png = Transaction_Script_Diagram_View.png
	EndProjectSection
EndProject
Project("{2150E333-8FDC-42A3-9474-1A3956D46DE8}") = "Active Record", "Active Record", "{FB331AF6-D8EB-42E7-83C1-FDB1F5A07A5F}"
	ProjectSection(SolutionItems) = preProject
		Active_Record_Diagram.png = Active_Record_Diagram.png
	EndProjectSection
EndProject
Project("{2150E333-8FDC-42A3-9474-1A3956D46DE8}") = "DDD Pattern", "DDD Pattern", "{350F7433-E9E9-4108-8849-79480A2A3321}"
	ProjectSection(SolutionItems) = preProject
		DDD_Pattern_Diagram.png = DDD_Pattern_Diagram.png
	EndProjectSection
EndProject
Project("{FAE04EC0-301F-11D3-BF4B-00C04F79EFBC}") = "Entreprise.Architecture.BLL.TS", "Entreprise.Architecture.BLL.TS\Entreprise.Architecture.BLL.TS.csproj", "{04A9BAC7-972E-4FDE-93F5-7A49C46856BA}"
EndProject
Project("{FAE04EC0-301F-11D3-BF4B-00C04F79EFBC}") = "Enterprise.Architecture.TS.WebUI", "Enterprise.Architecture.TS.WebUI\Enterprise.Architecture.TS.WebUI.csproj", "{83CA2BB1-5D51-4377-8737-31F99A916F4D}"
EndProject
Project("{FAE04EC0-301F-11D3-BF4B-00C04F79EFBC}") = "Enterprise.Architecture.AR.Model", "Enterprise.Architecture.AR.Model\Enterprise.Architecture.AR.Model.csproj", "{B150DC27-3230-4CB2-875D-5FE2A2CAE0FE}"
EndProject
Project("{FAE04EC0-301F-11D3-BF4B-00C04F79EFBC}") = "Enterprise.Architecture.AR.WebUI", "Enterprise.Architecture.AR.WebUI\Enterprise.Architecture.AR.WebUI.csproj", "{E245A89A-50B4-4684-BFFD-FF56E982E4BA}"
EndProject
Project("{FAE04EC0-301F-11D3-BF4B-00C04F79EFBC}") = "Enterprise.Architecture.DDD.Model", "Enterprise.Architecture.DDD.Model\Enterprise.Architecture.DDD.Model.csproj", "{CE80B069-B14A-4C48-B3B9-B65E5547BFD6}"
EndProject
Project("{FAE04EC0-301F-11D3-BF4B-00C04F79EFBC}") = "Enterprise.Architec.DDD.AppService", "Enterprise.Architec.DDD.AppService\Enterprise.Architec.DDD.AppService.csproj", "{124E9207-29BE-4437-9B28-48A0E975A5D9}"
EndProject
Project("{FAE04EC0-301F-11D3-BF4B-00C04F79EFBC}") = "Enterprise.Architec.DDD.Repository", "Enterprise.Architec.DDD.Repository\Enterprise.Architec.DDD.Repository.csproj", "{9F2F9E88-2586-4A18-8367-77D9855F72CB}"
EndProject
Project("{FAE04EC0-301F-11D3-BF4B-00C04F79EFBC}") = "Enterprise.Architecture.DDD.WebUI", "Enterprise.Architecture.DDD.WebUI\Enterprise.Architecture.DDD.WebUI.csproj", "{26594626-00F4-4D69-874E-278552C978E6}"
EndProject
Project("{2150E333-8FDC-42A3-9474-1A3956D46DE8}") = "SOA and Message Pattern", "SOA and Message Pattern", "{4D6E6C2E-B7A3-4C54-87D8-79524482336B}"
	ProjectSection(SolutionItems) = preProject
		SOA_Pattern_EventTicket_Diagram.png = SOA_Pattern_EventTicket_Diagram.png
	EndProjectSection
EndProject
Project("{2150E333-8FDC-42A3-9474-1A3956D46DE8}") = "Service", "Service", "{018D1E68-B0B2-45DE-AD9C-8AE6C8B64A3D}"
EndProject
Project("{2150E333-8FDC-42A3-9474-1A3956D46DE8}") = "Client", "Client", "{1B0EF059-2645-4920-8EFC-3E9BAC0DCFA0}"
EndProject
Project("{FAE04EC0-301F-11D3-BF4B-00C04F79EFBC}") = "EA.SOA.EventTiket.Model", "EA.SOA.EventTiket.Model\EA.SOA.EventTiket.Model.csproj", "{3BCE2F0E-9517-4A61-B7BC-7DCD1A74A020}"
EndProject
Project("{FAE04EC0-301F-11D3-BF4B-00C04F79EFBC}") = "EA.SOA.EventTicket.Repository", "EA.SOA.EventTicket.Repository\EA.SOA.EventTicket.Repository.csproj", "{47E81C03-7235-4490-8889-8A6CD3F06805}"
EndProject
Project("{FAE04EC0-301F-11D3-BF4B-00C04F79EFBC}") = "EA.SOA.EventTicket.DataContract", "EA.SOA.EventTicket.DataContract\EA.SOA.EventTicket.DataContract.csproj", "{07E88A50-AF4C-498D-9D23-C4B0365D8B63}"
EndProject
Project("{FAE04EC0-301F-11D3-BF4B-00C04F79EFBC}") = "EA.SOA.EventTicket.Contracts", "EA.SOA.EventTicket.Contracts\EA.SOA.EventTicket.Contracts.csproj", "{D197714E-33F6-4863-AD49-00B92801EF11}"
EndProject
Project("{FAE04EC0-301F-11D3-BF4B-00C04F79EFBC}") = "EA.SOA.EventTicket.Service", "EA.SOA.EventTicket.Service\EA.SOA.EventTicket.Service.csproj", "{83B0113D-2504-46AB-97A6-64C8BFFB2C32}"
EndProject
Project("{FAE04EC0-301F-11D3-BF4B-00C04F79EFBC}") = "EA.SOA.HTTPWCFHost", "EA.SOA.HTTPWCFHost\EA.SOA.HTTPWCFHost.csproj", "{B83EDA19-16AC-4715-803C-3C97AAA9F74C}"
EndProject
Project("{FAE04EC0-301F-11D3-BF4B-00C04F79EFBC}") = "EA.SOA.EventTicket.ServiceProxy", "EA.SOA.EventTicket.ServiceProxy\EA.SOA.EventTicket.ServiceProxy.csproj", "{EFC69D4E-A3F2-4C9D-905C-4EDFEA6BD028}"
EndProject
Project("{FAE04EC0-301F-11D3-BF4B-00C04F79EFBC}") = "EA.SOA.EventTicket.WEBUI", "EA.SOA.EventTicket.WEBUI\EA.SOA.EventTicket.WEBUI.csproj", "{AEF5EE56-B101-45F9-B054-DE0E02A4FE62}"
EndProject
Project("{2150E333-8FDC-42A3-9474-1A3956D46DE8}") = "IoC", "IoC", "{36FFC492-C192-4E22-A29D-FBF70906EBD9}"
EndProject
Project("{2150E333-8FDC-42A3-9474-1A3956D46DE8}") = "Autofac", "Autofac", "{41E218FE-2750-4C20-8580-4847C2202A9C}"
EndProject
Project("{2150E333-8FDC-42A3-9474-1A3956D46DE8}") = "Ninject", "Ninject", "{DDCB043A-BA14-452D-81CB-9D71731E0BFA}"
EndProject
Project("{2150E333-8FDC-42A3-9474-1A3956D46DE8}") = "Structuremap", "Structuremap", "{9B0427F6-C25B-4C8F-A795-E95FEFEA8E9F}"
EndProject
Project("{2150E333-8FDC-42A3-9474-1A3956D46DE8}") = "ORM", "ORM", "{296BEB47-6492-490A-A04A-2271A0ACD957}"
EndProject
Project("{2150E333-8FDC-42A3-9474-1A3956D46DE8}") = "NHibernate", "NHibernate", "{9D796C98-2BCC-4D2D-8A90-3BD20131BC22}"
EndProject
Project("{2150E333-8FDC-42A3-9474-1A3956D46DE8}") = "ServiceLocator", "ServiceLocator", "{3DD8D03C-66C2-4AFC-ADF4-03DDF497FF82}"
EndProject
Project("{2150E333-8FDC-42A3-9474-1A3956D46DE8}") = "EF", "EF", "{B3FAE35F-6F7D-470F-85EC-51F80A9A082A}"
EndProject
Project("{2150E333-8FDC-42A3-9474-1A3956D46DE8}") = "DAL Pattern", "DAL Pattern", "{2EA743B6-988D-4F07-9418-1620DB3C388F}"
EndProject
Project("{2150E333-8FDC-42A3-9474-1A3956D46DE8}") = "Object Query", "Object Query", "{102BCCC6-BE86-4707-B432-A979729FB80E}"
EndProject
Project("{FAE04EC0-301F-11D3-BF4B-00C04F79EFBC}") = "EA.DAL.QueryObject.Model", "EA.DAL.QueryObject.Model\EA.DAL.QueryObject.Model.csproj", "{FB274B64-1AE2-473C-85A2-9B997F2C56CD}"
EndProject
Project("{FAE04EC0-301F-11D3-BF4B-00C04F79EFBC}") = "EA.DAL.QueryObject.Infrastructure", "EA.DAL.QueryObject.Infrastructure\EA.DAL.QueryObject.Infrastructure.csproj", "{A6D75C7C-4231-41F4-AF77-FCE6FCE24233}"
EndProject
Project("{FAE04EC0-301F-11D3-BF4B-00C04F79EFBC}") = "EA.DAL.QueryObject.Repository", "DAL.QueryObject.Repository\EA.DAL.QueryObject.Repository.csproj", "{9F1CAD56-C82D-45D1-B3EF-CA84F6D7922D}"
EndProject
Project("{FAE04EC0-301F-11D3-BF4B-00C04F79EFBC}") = "EA.DAL.QueryObject.Test", "EA.DAL.QueryObject.Test\EA.DAL.QueryObject.Test.csproj", "{C47E0148-D5CE-4BAB-AB25-BF94F8102901}"
EndProject
Project("{2150E333-8FDC-42A3-9474-1A3956D46DE8}") = "ORM", "ORM", "{5F44662E-FFB1-469B-B00F-B091CA1907B8}"
EndProject
Project("{FAE04EC0-301F-11D3-BF4B-00C04F79EFBC}") = "EA.DAL.ORM.Library.Infrastructure", "EA.DAL.ORM.Library.Infrastructure\EA.DAL.ORM.Library.Infrastructure.csproj", "{9CDC3005-49D9-45F3-9C84-99DF864275F0}"
EndProject
Project("{FAE04EC0-301F-11D3-BF4B-00C04F79EFBC}") = "EA.DAL.ORM.Library.Model", "EA.DAL.ORM.Library.Model\EA.DAL.ORM.Library.Model.csproj", "{292B19F5-9EEF-43CF-9756-FD15CCA7547E}"
EndProject
Project("{FAE04EC0-301F-11D3-BF4B-00C04F79EFBC}") = "EA.DAL.ORM.Library.Repository.EF", "EA.DAL.ORM.Library.Repository.EF\EA.DAL.ORM.Library.Repository.EF.csproj", "{28B51E6E-2BB1-45B5-B3E1-F316B04BD84B}"
EndProject
Project("{FAE04EC0-301F-11D3-BF4B-00C04F79EFBC}") = "EA.DAL.ORM.Library.Repository.NH", "EA.DAL.ORM.Library.Repository.NH\EA.DAL.ORM.Library.Repository.NH.csproj", "{7B617422-99FE-4193-B904-38E1FA067C3A}"
EndProject
Project("{FAE04EC0-301F-11D3-BF4B-00C04F79EFBC}") = "EA.DAL.ORM.Library.Services", "EA.DAL.ORM.Library.Services\EA.DAL.ORM.Library.Services.csproj", "{3FE5D67F-FA3A-4878-A431-D3650CBD02A5}"
EndProject
Project("{FAE04EC0-301F-11D3-BF4B-00C04F79EFBC}") = "EA.DAL.ORM.Library.UI.Web", "EA.DAL.ORM.Library.UI.Web\EA.DAL.ORM.Library.UI.Web.csproj", "{52FF41A0-77C7-4F8E-BC50-8B48FE25B978}"
EndProject
Project("{2150E333-8FDC-42A3-9474-1A3956D46DE8}") = "Full Sample", "Full Sample", "{05E381C5-BB99-4B2A-A1C5-3DF9B7143EF3}"
EndProject
Project("{2150E333-8FDC-42A3-9474-1A3956D46DE8}") = "Full Sample", "Full Sample", "{73B5BE33-3BB3-4CC2-9A10-DF698D47EA20}"
	ProjectSection(SolutionItems) = preProject
		Full_Sample_JPEcommerce_2_Diagram.png = Full_Sample_JPEcommerce_2_Diagram.png
		Full_Sample_JPEcommerce_Diagram.png = Full_Sample_JPEcommerce_Diagram.png
	EndProjectSection
EndProject
Project("{FAE04EC0-301F-11D3-BF4B-00C04F79EFBC}") = "EA.JP.Ecommerce.Controllers", "EA.JP.Ecommerce.Controllers\EA.JP.Ecommerce.Controllers.csproj", "{C711BC04-054F-480C-987B-BB2D93FF524C}"
EndProject
Project("{FAE04EC0-301F-11D3-BF4B-00C04F79EFBC}") = "EA.JP.Ecommerce.Infrastructure", "EA.JP.Ecommerce.Infrastructure\EA.JP.Ecommerce.Infrastructure.csproj", "{375156D6-F2E8-425C-A105-EAB930BB60D9}"
EndProject
Project("{FAE04EC0-301F-11D3-BF4B-00C04F79EFBC}") = "EA.JP.Ecommerce.Model", "EA.JP.Ecommerce.Model\EA.JP.Ecommerce.Model.csproj", "{9E982784-DFDA-4392-A807-7F3292FC5115}"
EndProject
Project("{FAE04EC0-301F-11D3-BF4B-00C04F79EFBC}") = "EA.JP.Ecommerce.Repository.NH", "EA.JP.Ecommerce.Repository.NH\EA.JP.Ecommerce.Repository.NH.csproj", "{B87C00BC-130C-47A1-8563-29CB30D5AC85}"
EndProject
Project("{FAE04EC0-301F-11D3-BF4B-00C04F79EFBC}") = "EA.JP.Ecommerce.Services", "EA.JP.Ecommerce.Services\EA.JP.Ecommerce.Services.csproj", "{FA0D6883-AB8C-4626-BA88-E16F090715FE}"
EndProject
Project("{FAE04EC0-301F-11D3-BF4B-00C04F79EFBC}") = "EA.JP.Ecommerce.Services.Cache", "EA.JP.Ecommerce.Services.Cache\EA.JP.Ecommerce.Services.Cache.csproj", "{299768B7-7AE4-4B27-9BB4-F2762F344B5F}"
EndProject
Project("{FAE04EC0-301F-11D3-BF4B-00C04F79EFBC}") = "EA.JP.Ecommerce.WEB.MVC.UI", "EA.JP.Ecommerce.WEB.MVC.UI\EA.JP.Ecommerce.WEB.MVC.UI.csproj", "{FEBAC8CA-2293-4BDA-988B-6F21F1B65F44}"
EndProject
Project("{2150E333-8FDC-42A3-9474-1A3956D46DE8}") = "Service", "Service", "{74DDFE21-064D-4E6F-A119-FD9E73F05F41}"
EndProject
Project("{2150E333-8FDC-42A3-9474-1A3956D46DE8}") = "Web API", "Web API", "{3160F670-07D9-40F9-8FB1-8224A0B329C3}"
	ProjectSection(SolutionItems) = preProject
		Book_Page_Stop.png = Book_Page_Stop.png
	EndProjectSection
EndProject
Project("{FAE04EC0-301F-11D3-BF4B-00C04F79EFBC}") = "EA.WebApi.Common", "EA.WebApi.Common\EA.WebApi.Common.csproj", "{817DA0E7-9775-4650-BC19-30411A0C4CE6}"
EndProject
Project("{2150E333-8FDC-42A3-9474-1A3956D46DE8}") = "Infrastructue", "Infrastructue", "{67E9FB40-3D78-41B9-9143-4BF5A5A309C7}"
EndProject
Project("{2150E333-8FDC-42A3-9474-1A3956D46DE8}") = "Business Logic", "Business Logic", "{9AF2CA5F-E0B3-4318-A318-6BBD7EDB2992}"
EndProject
Project("{2150E333-8FDC-42A3-9474-1A3956D46DE8}") = "Data Access", "Data Access", "{4AA0B413-7680-494E-AB04-55FC54465B0A}"
EndProject
Project("{2150E333-8FDC-42A3-9474-1A3956D46DE8}") = "Service layer", "Service layer", "{75036411-7E53-4395-ACBA-89072163D092}"
EndProject
Project("{FAE04EC0-301F-11D3-BF4B-00C04F79EFBC}") = "EA.WebApi.Data", "EA.WebApi.Data\EA.WebApi.Data.csproj", "{72DCC45A-5307-470A-9BAA-017D98083028}"
EndProject
Project("{FAE04EC0-301F-11D3-BF4B-00C04F79EFBC}") = "EA.WebApi.Data.SqlServer", "EA.WebApi.Data.SqlServer\EA.WebApi.Data.SqlServer.csproj", "{1327D1CA-97AF-452F-ABFA-F93257EF7696}"
EndProject
Project("{FAE04EC0-301F-11D3-BF4B-00C04F79EFBC}") = "EA.WebApi.Model", "EA.WebApi.Model\EA.WebApi.Model.csproj", "{429F11E4-7A12-4ABA-841F-A50C75D5500F}"
EndProject
Project("{2150E333-8FDC-42A3-9474-1A3956D46DE8}") = "Presentation Layer", "Presentation Layer", "{AE29FAF8-7408-40C0-9941-82ECF2DEDB17}"
EndProject
Project("{FAE04EC0-301F-11D3-BF4B-00C04F79EFBC}") = "EA.WebApi.Web.Common", "EA.WebApi.Web.Common\EA.WebApi.Web.Common.csproj", "{4B3B1CA2-83E6-490F-91E1-989D43D35296}"
EndProject
Project("{FAE04EC0-301F-11D3-BF4B-00C04F79EFBC}") = "EA.WebApi.Web.Api", "EA.WebApi.Web.Api\EA.WebApi.Web.Api.csproj", "{B5BAE259-C72E-42F5-9BBD-A640C5BDAA78}"
EndProject
Project("{00D1A9C2-B5F0-4AF3-8072-F6C62B433612}") = "EA.WebApi.SqlServerDB", "EA.WebApi.SqlServerDB\EA.WebApi.SqlServerDB.sqlproj", "{BE967D8A-1F57-4A3F-A6D3-01C1FAE09FD9}"
EndProject
Project("{2150E333-8FDC-42A3-9474-1A3956D46DE8}") = "Test", "Test", "{DE1FD3DF-8B9D-4521-83BE-CB1301CF1E45}"
EndProject
Project("{FAE04EC0-301F-11D3-BF4B-00C04F79EFBC}") = "EA.WebApi.Common.Test", "EA.WebApi.Common.Test\EA.WebApi.Common.Test.csproj", "{72A8F385-4574-4189-BA7A-165900FBECE0}"
EndProject
Project("{FAE04EC0-301F-11D3-BF4B-00C04F79EFBC}") = "EA.WebApi.SqlServer.Test", "EA.WebApi.SqlServer.Test\EA.WebApi.SqlServer.Test.csproj", "{6CF671BE-9BAC-4118-9863-12D6CE36E20C}"
EndProject
Project("{FAE04EC0-301F-11D3-BF4B-00C04F79EFBC}") = "EA.WebApi.Web.Api.Test", "EA.WebApi.Web.Api.Test\EA.WebApi.Web.Api.Test.csproj", "{726F3287-C877-4901-9B96-462EF5D8ACA3}"
EndProject
Global
	GlobalSection(SolutionConfigurationPlatforms) = preSolution
		Debug|Any CPU = Debug|Any CPU
		Release|Any CPU = Release|Any CPU
	EndGlobalSection
	GlobalSection(ProjectConfigurationPlatforms) = postSolution
		{17CF766F-57E7-4E2E-B3CC-142965140E75}.Debug|Any CPU.ActiveCfg = Debug|Any CPU
		{17CF766F-57E7-4E2E-B3CC-142965140E75}.Debug|Any CPU.Build.0 = Debug|Any CPU
		{17CF766F-57E7-4E2E-B3CC-142965140E75}.Release|Any CPU.ActiveCfg = Release|Any CPU
		{17CF766F-57E7-4E2E-B3CC-142965140E75}.Release|Any CPU.Build.0 = Release|Any CPU
		{6AEC4BB6-16F1-40C1-8699-8CF3C4F7BF2C}.Debug|Any CPU.ActiveCfg = Debug|Any CPU
		{6AEC4BB6-16F1-40C1-8699-8CF3C4F7BF2C}.Debug|Any CPU.Build.0 = Debug|Any CPU
		{6AEC4BB6-16F1-40C1-8699-8CF3C4F7BF2C}.Release|Any CPU.ActiveCfg = Release|Any CPU
		{6AEC4BB6-16F1-40C1-8699-8CF3C4F7BF2C}.Release|Any CPU.Build.0 = Release|Any CPU
		{B89A8B4B-5859-4404-9BE0-1B0584D95621}.Debug|Any CPU.ActiveCfg = Debug|Any CPU
		{B89A8B4B-5859-4404-9BE0-1B0584D95621}.Debug|Any CPU.Build.0 = Debug|Any CPU
		{B89A8B4B-5859-4404-9BE0-1B0584D95621}.Release|Any CPU.ActiveCfg = Release|Any CPU
		{B89A8B4B-5859-4404-9BE0-1B0584D95621}.Release|Any CPU.Build.0 = Release|Any CPU
		{85ECDC8C-C7DC-4539-BBF7-B08F20873949}.Debug|Any CPU.ActiveCfg = Debug|Any CPU
		{85ECDC8C-C7DC-4539-BBF7-B08F20873949}.Debug|Any CPU.Build.0 = Debug|Any CPU
		{85ECDC8C-C7DC-4539-BBF7-B08F20873949}.Release|Any CPU.ActiveCfg = Release|Any CPU
		{85ECDC8C-C7DC-4539-BBF7-B08F20873949}.Release|Any CPU.Build.0 = Release|Any CPU
		{F5C6B4A4-FE6F-4C1D-927D-414BAF780CF5}.Debug|Any CPU.ActiveCfg = Debug|Any CPU
		{F5C6B4A4-FE6F-4C1D-927D-414BAF780CF5}.Debug|Any CPU.Build.0 = Debug|Any CPU
		{F5C6B4A4-FE6F-4C1D-927D-414BAF780CF5}.Release|Any CPU.ActiveCfg = Release|Any CPU
		{F5C6B4A4-FE6F-4C1D-927D-414BAF780CF5}.Release|Any CPU.Build.0 = Release|Any CPU
		{7FE5385A-65C7-457F-90BF-03DD1636B8C2}.Debug|Any CPU.ActiveCfg = Debug|Any CPU
		{7FE5385A-65C7-457F-90BF-03DD1636B8C2}.Debug|Any CPU.Build.0 = Debug|Any CPU
		{7FE5385A-65C7-457F-90BF-03DD1636B8C2}.Release|Any CPU.ActiveCfg = Release|Any CPU
		{7FE5385A-65C7-457F-90BF-03DD1636B8C2}.Release|Any CPU.Build.0 = Release|Any CPU
		{04A9BAC7-972E-4FDE-93F5-7A49C46856BA}.Debug|Any CPU.ActiveCfg = Debug|Any CPU
		{04A9BAC7-972E-4FDE-93F5-7A49C46856BA}.Debug|Any CPU.Build.0 = Debug|Any CPU
		{04A9BAC7-972E-4FDE-93F5-7A49C46856BA}.Release|Any CPU.ActiveCfg = Release|Any CPU
		{04A9BAC7-972E-4FDE-93F5-7A49C46856BA}.Release|Any CPU.Build.0 = Release|Any CPU
		{83CA2BB1-5D51-4377-8737-31F99A916F4D}.Debug|Any CPU.ActiveCfg = Debug|Any CPU
		{83CA2BB1-5D51-4377-8737-31F99A916F4D}.Debug|Any CPU.Build.0 = Debug|Any CPU
		{83CA2BB1-5D51-4377-8737-31F99A916F4D}.Release|Any CPU.ActiveCfg = Release|Any CPU
		{83CA2BB1-5D51-4377-8737-31F99A916F4D}.Release|Any CPU.Build.0 = Release|Any CPU
		{B150DC27-3230-4CB2-875D-5FE2A2CAE0FE}.Debug|Any CPU.ActiveCfg = Debug|Any CPU
		{B150DC27-3230-4CB2-875D-5FE2A2CAE0FE}.Debug|Any CPU.Build.0 = Debug|Any CPU
		{B150DC27-3230-4CB2-875D-5FE2A2CAE0FE}.Release|Any CPU.ActiveCfg = Release|Any CPU
		{B150DC27-3230-4CB2-875D-5FE2A2CAE0FE}.Release|Any CPU.Build.0 = Release|Any CPU
		{E245A89A-50B4-4684-BFFD-FF56E982E4BA}.Debug|Any CPU.ActiveCfg = Debug|Any CPU
		{E245A89A-50B4-4684-BFFD-FF56E982E4BA}.Debug|Any CPU.Build.0 = Debug|Any CPU
		{E245A89A-50B4-4684-BFFD-FF56E982E4BA}.Release|Any CPU.ActiveCfg = Release|Any CPU
		{E245A89A-50B4-4684-BFFD-FF56E982E4BA}.Release|Any CPU.Build.0 = Release|Any CPU
		{CE80B069-B14A-4C48-B3B9-B65E5547BFD6}.Debug|Any CPU.ActiveCfg = Debug|Any CPU
		{CE80B069-B14A-4C48-B3B9-B65E5547BFD6}.Debug|Any CPU.Build.0 = Debug|Any CPU
		{CE80B069-B14A-4C48-B3B9-B65E5547BFD6}.Release|Any CPU.ActiveCfg = Release|Any CPU
		{CE80B069-B14A-4C48-B3B9-B65E5547BFD6}.Release|Any CPU.Build.0 = Release|Any CPU
		{124E9207-29BE-4437-9B28-48A0E975A5D9}.Debug|Any CPU.ActiveCfg = Debug|Any CPU
		{124E9207-29BE-4437-9B28-48A0E975A5D9}.Debug|Any CPU.Build.0 = Debug|Any CPU
		{124E9207-29BE-4437-9B28-48A0E975A5D9}.Release|Any CPU.ActiveCfg = Release|Any CPU
		{124E9207-29BE-4437-9B28-48A0E975A5D9}.Release|Any CPU.Build.0 = Release|Any CPU
		{9F2F9E88-2586-4A18-8367-77D9855F72CB}.Debug|Any CPU.ActiveCfg = Debug|Any CPU
		{9F2F9E88-2586-4A18-8367-77D9855F72CB}.Debug|Any CPU.Build.0 = Debug|Any CPU
		{9F2F9E88-2586-4A18-8367-77D9855F72CB}.Release|Any CPU.ActiveCfg = Release|Any CPU
		{9F2F9E88-2586-4A18-8367-77D9855F72CB}.Release|Any CPU.Build.0 = Release|Any CPU
		{26594626-00F4-4D69-874E-278552C978E6}.Debug|Any CPU.ActiveCfg = Debug|Any CPU
		{26594626-00F4-4D69-874E-278552C978E6}.Debug|Any CPU.Build.0 = Debug|Any CPU
		{26594626-00F4-4D69-874E-278552C978E6}.Release|Any CPU.ActiveCfg = Release|Any CPU
		{26594626-00F4-4D69-874E-278552C978E6}.Release|Any CPU.Build.0 = Release|Any CPU
		{3BCE2F0E-9517-4A61-B7BC-7DCD1A74A020}.Debug|Any CPU.ActiveCfg = Debug|Any CPU
		{3BCE2F0E-9517-4A61-B7BC-7DCD1A74A020}.Debug|Any CPU.Build.0 = Debug|Any CPU
		{3BCE2F0E-9517-4A61-B7BC-7DCD1A74A020}.Release|Any CPU.ActiveCfg = Release|Any CPU
		{3BCE2F0E-9517-4A61-B7BC-7DCD1A74A020}.Release|Any CPU.Build.0 = Release|Any CPU
		{47E81C03-7235-4490-8889-8A6CD3F06805}.Debug|Any CPU.ActiveCfg = Debug|Any CPU
		{47E81C03-7235-4490-8889-8A6CD3F06805}.Debug|Any CPU.Build.0 = Debug|Any CPU
		{47E81C03-7235-4490-8889-8A6CD3F06805}.Release|Any CPU.ActiveCfg = Release|Any CPU
		{47E81C03-7235-4490-8889-8A6CD3F06805}.Release|Any CPU.Build.0 = Release|Any CPU
		{07E88A50-AF4C-498D-9D23-C4B0365D8B63}.Debug|Any CPU.ActiveCfg = Debug|Any CPU
		{07E88A50-AF4C-498D-9D23-C4B0365D8B63}.Debug|Any CPU.Build.0 = Debug|Any CPU
		{07E88A50-AF4C-498D-9D23-C4B0365D8B63}.Release|Any CPU.ActiveCfg = Release|Any CPU
		{07E88A50-AF4C-498D-9D23-C4B0365D8B63}.Release|Any CPU.Build.0 = Release|Any CPU
		{D197714E-33F6-4863-AD49-00B92801EF11}.Debug|Any CPU.ActiveCfg = Debug|Any CPU
		{D197714E-33F6-4863-AD49-00B92801EF11}.Debug|Any CPU.Build.0 = Debug|Any CPU
		{D197714E-33F6-4863-AD49-00B92801EF11}.Release|Any CPU.ActiveCfg = Release|Any CPU
		{D197714E-33F6-4863-AD49-00B92801EF11}.Release|Any CPU.Build.0 = Release|Any CPU
		{83B0113D-2504-46AB-97A6-64C8BFFB2C32}.Debug|Any CPU.ActiveCfg = Debug|Any CPU
		{83B0113D-2504-46AB-97A6-64C8BFFB2C32}.Debug|Any CPU.Build.0 = Debug|Any CPU
		{83B0113D-2504-46AB-97A6-64C8BFFB2C32}.Release|Any CPU.ActiveCfg = Release|Any CPU
		{83B0113D-2504-46AB-97A6-64C8BFFB2C32}.Release|Any CPU.Build.0 = Release|Any CPU
		{B83EDA19-16AC-4715-803C-3C97AAA9F74C}.Debug|Any CPU.ActiveCfg = Debug|Any CPU
		{B83EDA19-16AC-4715-803C-3C97AAA9F74C}.Debug|Any CPU.Build.0 = Debug|Any CPU
		{B83EDA19-16AC-4715-803C-3C97AAA9F74C}.Release|Any CPU.ActiveCfg = Release|Any CPU
		{B83EDA19-16AC-4715-803C-3C97AAA9F74C}.Release|Any CPU.Build.0 = Release|Any CPU
		{EFC69D4E-A3F2-4C9D-905C-4EDFEA6BD028}.Debug|Any CPU.ActiveCfg = Debug|Any CPU
		{EFC69D4E-A3F2-4C9D-905C-4EDFEA6BD028}.Debug|Any CPU.Build.0 = Debug|Any CPU
		{EFC69D4E-A3F2-4C9D-905C-4EDFEA6BD028}.Release|Any CPU.ActiveCfg = Release|Any CPU
		{EFC69D4E-A3F2-4C9D-905C-4EDFEA6BD028}.Release|Any CPU.Build.0 = Release|Any CPU
		{AEF5EE56-B101-45F9-B054-DE0E02A4FE62}.Debug|Any CPU.ActiveCfg = Debug|Any CPU
		{AEF5EE56-B101-45F9-B054-DE0E02A4FE62}.Debug|Any CPU.Build.0 = Debug|Any CPU
		{AEF5EE56-B101-45F9-B054-DE0E02A4FE62}.Release|Any CPU.ActiveCfg = Release|Any CPU
		{AEF5EE56-B101-45F9-B054-DE0E02A4FE62}.Release|Any CPU.Build.0 = Release|Any CPU
		{FB274B64-1AE2-473C-85A2-9B997F2C56CD}.Debug|Any CPU.ActiveCfg = Debug|Any CPU
		{FB274B64-1AE2-473C-85A2-9B997F2C56CD}.Debug|Any CPU.Build.0 = Debug|Any CPU
		{FB274B64-1AE2-473C-85A2-9B997F2C56CD}.Release|Any CPU.ActiveCfg = Release|Any CPU
		{FB274B64-1AE2-473C-85A2-9B997F2C56CD}.Release|Any CPU.Build.0 = Release|Any CPU
		{A6D75C7C-4231-41F4-AF77-FCE6FCE24233}.Debug|Any CPU.ActiveCfg = Debug|Any CPU
		{A6D75C7C-4231-41F4-AF77-FCE6FCE24233}.Debug|Any CPU.Build.0 = Debug|Any CPU
		{A6D75C7C-4231-41F4-AF77-FCE6FCE24233}.Release|Any CPU.ActiveCfg = Release|Any CPU
		{A6D75C7C-4231-41F4-AF77-FCE6FCE24233}.Release|Any CPU.Build.0 = Release|Any CPU
		{9F1CAD56-C82D-45D1-B3EF-CA84F6D7922D}.Debug|Any CPU.ActiveCfg = Debug|Any CPU
		{9F1CAD56-C82D-45D1-B3EF-CA84F6D7922D}.Debug|Any CPU.Build.0 = Debug|Any CPU
		{9F1CAD56-C82D-45D1-B3EF-CA84F6D7922D}.Release|Any CPU.ActiveCfg = Release|Any CPU
		{9F1CAD56-C82D-45D1-B3EF-CA84F6D7922D}.Release|Any CPU.Build.0 = Release|Any CPU
		{C47E0148-D5CE-4BAB-AB25-BF94F8102901}.Debug|Any CPU.ActiveCfg = Debug|Any CPU
		{C47E0148-D5CE-4BAB-AB25-BF94F8102901}.Debug|Any CPU.Build.0 = Debug|Any CPU
		{C47E0148-D5CE-4BAB-AB25-BF94F8102901}.Release|Any CPU.ActiveCfg = Release|Any CPU
		{C47E0148-D5CE-4BAB-AB25-BF94F8102901}.Release|Any CPU.Build.0 = Release|Any CPU
		{9CDC3005-49D9-45F3-9C84-99DF864275F0}.Debug|Any CPU.ActiveCfg = Debug|Any CPU
		{9CDC3005-49D9-45F3-9C84-99DF864275F0}.Debug|Any CPU.Build.0 = Debug|Any CPU
		{9CDC3005-49D9-45F3-9C84-99DF864275F0}.Release|Any CPU.ActiveCfg = Release|Any CPU
		{9CDC3005-49D9-45F3-9C84-99DF864275F0}.Release|Any CPU.Build.0 = Release|Any CPU
		{292B19F5-9EEF-43CF-9756-FD15CCA7547E}.Debug|Any CPU.ActiveCfg = Debug|Any CPU
		{292B19F5-9EEF-43CF-9756-FD15CCA7547E}.Debug|Any CPU.Build.0 = Debug|Any CPU
		{292B19F5-9EEF-43CF-9756-FD15CCA7547E}.Release|Any CPU.ActiveCfg = Release|Any CPU
		{292B19F5-9EEF-43CF-9756-FD15CCA7547E}.Release|Any CPU.Build.0 = Release|Any CPU
		{28B51E6E-2BB1-45B5-B3E1-F316B04BD84B}.Debug|Any CPU.ActiveCfg = Debug|Any CPU
		{28B51E6E-2BB1-45B5-B3E1-F316B04BD84B}.Debug|Any CPU.Build.0 = Debug|Any CPU
		{28B51E6E-2BB1-45B5-B3E1-F316B04BD84B}.Release|Any CPU.ActiveCfg = Release|Any CPU
		{28B51E6E-2BB1-45B5-B3E1-F316B04BD84B}.Release|Any CPU.Build.0 = Release|Any CPU
		{7B617422-99FE-4193-B904-38E1FA067C3A}.Debug|Any CPU.ActiveCfg = Debug|Any CPU
		{7B617422-99FE-4193-B904-38E1FA067C3A}.Debug|Any CPU.Build.0 = Debug|Any CPU
		{7B617422-99FE-4193-B904-38E1FA067C3A}.Release|Any CPU.ActiveCfg = Release|Any CPU
		{7B617422-99FE-4193-B904-38E1FA067C3A}.Release|Any CPU.Build.0 = Release|Any CPU
		{3FE5D67F-FA3A-4878-A431-D3650CBD02A5}.Debug|Any CPU.ActiveCfg = Debug|Any CPU
		{3FE5D67F-FA3A-4878-A431-D3650CBD02A5}.Debug|Any CPU.Build.0 = Debug|Any CPU
		{3FE5D67F-FA3A-4878-A431-D3650CBD02A5}.Release|Any CPU.ActiveCfg = Release|Any CPU
		{3FE5D67F-FA3A-4878-A431-D3650CBD02A5}.Release|Any CPU.Build.0 = Release|Any CPU
		{52FF41A0-77C7-4F8E-BC50-8B48FE25B978}.Debug|Any CPU.ActiveCfg = Debug|Any CPU
		{52FF41A0-77C7-4F8E-BC50-8B48FE25B978}.Debug|Any CPU.Build.0 = Debug|Any CPU
		{52FF41A0-77C7-4F8E-BC50-8B48FE25B978}.Release|Any CPU.ActiveCfg = Release|Any CPU
		{52FF41A0-77C7-4F8E-BC50-8B48FE25B978}.Release|Any CPU.Build.0 = Release|Any CPU
		{C711BC04-054F-480C-987B-BB2D93FF524C}.Debug|Any CPU.ActiveCfg = Debug|Any CPU
		{C711BC04-054F-480C-987B-BB2D93FF524C}.Debug|Any CPU.Build.0 = Debug|Any CPU
		{C711BC04-054F-480C-987B-BB2D93FF524C}.Release|Any CPU.ActiveCfg = Release|Any CPU
		{C711BC04-054F-480C-987B-BB2D93FF524C}.Release|Any CPU.Build.0 = Release|Any CPU
		{375156D6-F2E8-425C-A105-EAB930BB60D9}.Debug|Any CPU.ActiveCfg = Debug|Any CPU
		{375156D6-F2E8-425C-A105-EAB930BB60D9}.Debug|Any CPU.Build.0 = Debug|Any CPU
		{375156D6-F2E8-425C-A105-EAB930BB60D9}.Release|Any CPU.ActiveCfg = Release|Any CPU
		{375156D6-F2E8-425C-A105-EAB930BB60D9}.Release|Any CPU.Build.0 = Release|Any CPU
		{9E982784-DFDA-4392-A807-7F3292FC5115}.Debug|Any CPU.ActiveCfg = Debug|Any CPU
		{9E982784-DFDA-4392-A807-7F3292FC5115}.Debug|Any CPU.Build.0 = Debug|Any CPU
		{9E982784-DFDA-4392-A807-7F3292FC5115}.Release|Any CPU.ActiveCfg = Release|Any CPU
		{9E982784-DFDA-4392-A807-7F3292FC5115}.Release|Any CPU.Build.0 = Release|Any CPU
		{B87C00BC-130C-47A1-8563-29CB30D5AC85}.Debug|Any CPU.ActiveCfg = Debug|Any CPU
		{B87C00BC-130C-47A1-8563-29CB30D5AC85}.Debug|Any CPU.Build.0 = Debug|Any CPU
		{B87C00BC-130C-47A1-8563-29CB30D5AC85}.Release|Any CPU.ActiveCfg = Release|Any CPU
		{B87C00BC-130C-47A1-8563-29CB30D5AC85}.Release|Any CPU.Build.0 = Release|Any CPU
		{FA0D6883-AB8C-4626-BA88-E16F090715FE}.Debug|Any CPU.ActiveCfg = Debug|Any CPU
		{FA0D6883-AB8C-4626-BA88-E16F090715FE}.Debug|Any CPU.Build.0 = Debug|Any CPU
		{FA0D6883-AB8C-4626-BA88-E16F090715FE}.Release|Any CPU.ActiveCfg = Release|Any CPU
		{FA0D6883-AB8C-4626-BA88-E16F090715FE}.Release|Any CPU.Build.0 = Release|Any CPU
		{299768B7-7AE4-4B27-9BB4-F2762F344B5F}.Debug|Any CPU.ActiveCfg = Debug|Any CPU
		{299768B7-7AE4-4B27-9BB4-F2762F344B5F}.Debug|Any CPU.Build.0 = Debug|Any CPU
		{299768B7-7AE4-4B27-9BB4-F2762F344B5F}.Release|Any CPU.ActiveCfg = Release|Any CPU
		{299768B7-7AE4-4B27-9BB4-F2762F344B5F}.Release|Any CPU.Build.0 = Release|Any CPU
		{FEBAC8CA-2293-4BDA-988B-6F21F1B65F44}.Debug|Any CPU.ActiveCfg = Debug|Any CPU
		{FEBAC8CA-2293-4BDA-988B-6F21F1B65F44}.Debug|Any CPU.Build.0 = Debug|Any CPU
		{FEBAC8CA-2293-4BDA-988B-6F21F1B65F44}.Release|Any CPU.ActiveCfg = Release|Any CPU
		{FEBAC8CA-2293-4BDA-988B-6F21F1B65F44}.Release|Any CPU.Build.0 = Release|Any CPU
		{817DA0E7-9775-4650-BC19-30411A0C4CE6}.Debug|Any CPU.ActiveCfg = Debug|Any CPU
		{817DA0E7-9775-4650-BC19-30411A0C4CE6}.Debug|Any CPU.Build.0 = Debug|Any CPU
		{817DA0E7-9775-4650-BC19-30411A0C4CE6}.Release|Any CPU.ActiveCfg = Release|Any CPU
		{817DA0E7-9775-4650-BC19-30411A0C4CE6}.Release|Any CPU.Build.0 = Release|Any CPU
		{72DCC45A-5307-470A-9BAA-017D98083028}.Debug|Any CPU.ActiveCfg = Debug|Any CPU
		{72DCC45A-5307-470A-9BAA-017D98083028}.Debug|Any CPU.Build.0 = Debug|Any CPU
		{72DCC45A-5307-470A-9BAA-017D98083028}.Release|Any CPU.ActiveCfg = Release|Any CPU
		{72DCC45A-5307-470A-9BAA-017D98083028}.Release|Any CPU.Build.0 = Release|Any CPU
		{1327D1CA-97AF-452F-ABFA-F93257EF7696}.Debug|Any CPU.ActiveCfg = Debug|Any CPU
		{1327D1CA-97AF-452F-ABFA-F93257EF7696}.Debug|Any CPU.Build.0 = Debug|Any CPU
		{1327D1CA-97AF-452F-ABFA-F93257EF7696}.Release|Any CPU.ActiveCfg = Release|Any CPU
		{1327D1CA-97AF-452F-ABFA-F93257EF7696}.Release|Any CPU.Build.0 = Release|Any CPU
		{429F11E4-7A12-4ABA-841F-A50C75D5500F}.Debug|Any CPU.ActiveCfg = Debug|Any CPU
		{429F11E4-7A12-4ABA-841F-A50C75D5500F}.Debug|Any CPU.Build.0 = Debug|Any CPU
		{429F11E4-7A12-4ABA-841F-A50C75D5500F}.Release|Any CPU.ActiveCfg = Release|Any CPU
		{429F11E4-7A12-4ABA-841F-A50C75D5500F}.Release|Any CPU.Build.0 = Release|Any CPU
		{4B3B1CA2-83E6-490F-91E1-989D43D35296}.Debug|Any CPU.ActiveCfg = Debug|Any CPU
		{4B3B1CA2-83E6-490F-91E1-989D43D35296}.Debug|Any CPU.Build.0 = Debug|Any CPU
		{4B3B1CA2-83E6-490F-91E1-989D43D35296}.Release|Any CPU.ActiveCfg = Release|Any CPU
		{4B3B1CA2-83E6-490F-91E1-989D43D35296}.Release|Any CPU.Build.0 = Release|Any CPU
		{B5BAE259-C72E-42F5-9BBD-A640C5BDAA78}.Debug|Any CPU.ActiveCfg = Debug|Any CPU
		{B5BAE259-C72E-42F5-9BBD-A640C5BDAA78}.Debug|Any CPU.Build.0 = Debug|Any CPU
		{B5BAE259-C72E-42F5-9BBD-A640C5BDAA78}.Release|Any CPU.ActiveCfg = Release|Any CPU
		{B5BAE259-C72E-42F5-9BBD-A640C5BDAA78}.Release|Any CPU.Build.0 = Release|Any CPU
		{BE967D8A-1F57-4A3F-A6D3-01C1FAE09FD9}.Debug|Any CPU.ActiveCfg = Debug|Any CPU
		{BE967D8A-1F57-4A3F-A6D3-01C1FAE09FD9}.Debug|Any CPU.Build.0 = Debug|Any CPU
		{BE967D8A-1F57-4A3F-A6D3-01C1FAE09FD9}.Debug|Any CPU.Deploy.0 = Debug|Any CPU
		{BE967D8A-1F57-4A3F-A6D3-01C1FAE09FD9}.Release|Any CPU.ActiveCfg = Release|Any CPU
		{BE967D8A-1F57-4A3F-A6D3-01C1FAE09FD9}.Release|Any CPU.Build.0 = Release|Any CPU
		{BE967D8A-1F57-4A3F-A6D3-01C1FAE09FD9}.Release|Any CPU.Deploy.0 = Release|Any CPU
		{72A8F385-4574-4189-BA7A-165900FBECE0}.Debug|Any CPU.ActiveCfg = Debug|Any CPU
		{72A8F385-4574-4189-BA7A-165900FBECE0}.Debug|Any CPU.Build.0 = Debug|Any CPU
		{72A8F385-4574-4189-BA7A-165900FBECE0}.Release|Any CPU.ActiveCfg = Release|Any CPU
		{72A8F385-4574-4189-BA7A-165900FBECE0}.Release|Any CPU.Build.0 = Release|Any CPU
		{6CF671BE-9BAC-4118-9863-12D6CE36E20C}.Debug|Any CPU.ActiveCfg = Debug|Any CPU
		{6CF671BE-9BAC-4118-9863-12D6CE36E20C}.Debug|Any CPU.Build.0 = Debug|Any CPU
		{6CF671BE-9BAC-4118-9863-12D6CE36E20C}.Release|Any CPU.ActiveCfg = Release|Any CPU
		{6CF671BE-9BAC-4118-9863-12D6CE36E20C}.Release|Any CPU.Build.0 = Release|Any CPU
		{726F3287-C877-4901-9B96-462EF5D8ACA3}.Debug|Any CPU.ActiveCfg = Debug|Any CPU
		{726F3287-C877-4901-9B96-462EF5D8ACA3}.Debug|Any CPU.Build.0 = Debug|Any CPU
		{726F3287-C877-4901-9B96-462EF5D8ACA3}.Release|Any CPU.ActiveCfg = Release|Any CPU
		{726F3287-C877-4901-9B96-462EF5D8ACA3}.Release|Any CPU.Build.0 = Release|Any CPU
	EndGlobalSection
	GlobalSection(SolutionProperties) = preSolution
		HideSolutionNode = FALSE
	EndGlobalSection
	GlobalSection(NestedProjects) = preSolution
		{5FF0C367-3FA9-4069-959E-9ABD56B8ED64} = {67854778-0F34-43CA-9495-1066ED7734F3}
		{17CF766F-57E7-4E2E-B3CC-142965140E75} = {13FAD44D-1352-481E-B9AD-255F8524E02F}
		{6AEC4BB6-16F1-40C1-8699-8CF3C4F7BF2C} = {22C6EB62-FF93-4FC8-A00A-E962F153BF83}
		{B89A8B4B-5859-4404-9BE0-1B0584D95621} = {C0EBDC88-8916-498C-ADCC-C9ACC2145B67}
		{85ECDC8C-C7DC-4539-BBF7-B08F20873949} = {E57E358F-348C-46D1-8A6D-B3CC345840C1}
		{F5C6B4A4-FE6F-4C1D-927D-414BAF780CF5} = {3729B93C-B031-427A-BD93-D4F960D45B26}
		{13FAD44D-1352-481E-B9AD-255F8524E02F} = {5FF0C367-3FA9-4069-959E-9ABD56B8ED64}
		{22C6EB62-FF93-4FC8-A00A-E962F153BF83} = {5FF0C367-3FA9-4069-959E-9ABD56B8ED64}
		{C0EBDC88-8916-498C-ADCC-C9ACC2145B67} = {5FF0C367-3FA9-4069-959E-9ABD56B8ED64}
		{E57E358F-348C-46D1-8A6D-B3CC345840C1} = {5FF0C367-3FA9-4069-959E-9ABD56B8ED64}
		{3729B93C-B031-427A-BD93-D4F960D45B26} = {5FF0C367-3FA9-4069-959E-9ABD56B8ED64}
		{7FE5385A-65C7-457F-90BF-03DD1636B8C2} = {22C6EB62-FF93-4FC8-A00A-E962F153BF83}
		{F0210DFB-F47A-4E73-AF21-7163F19D0FE2} = {67854778-0F34-43CA-9495-1066ED7734F3}
		{947FF8C3-7639-4005-9F07-5827DE431402} = {F0210DFB-F47A-4E73-AF21-7163F19D0FE2}
		{FB331AF6-D8EB-42E7-83C1-FDB1F5A07A5F} = {F0210DFB-F47A-4E73-AF21-7163F19D0FE2}
		{350F7433-E9E9-4108-8849-79480A2A3321} = {F0210DFB-F47A-4E73-AF21-7163F19D0FE2}
		{04A9BAC7-972E-4FDE-93F5-7A49C46856BA} = {947FF8C3-7639-4005-9F07-5827DE431402}
		{83CA2BB1-5D51-4377-8737-31F99A916F4D} = {947FF8C3-7639-4005-9F07-5827DE431402}
		{B150DC27-3230-4CB2-875D-5FE2A2CAE0FE} = {FB331AF6-D8EB-42E7-83C1-FDB1F5A07A5F}
		{E245A89A-50B4-4684-BFFD-FF56E982E4BA} = {FB331AF6-D8EB-42E7-83C1-FDB1F5A07A5F}
		{CE80B069-B14A-4C48-B3B9-B65E5547BFD6} = {350F7433-E9E9-4108-8849-79480A2A3321}
		{124E9207-29BE-4437-9B28-48A0E975A5D9} = {350F7433-E9E9-4108-8849-79480A2A3321}
		{9F2F9E88-2586-4A18-8367-77D9855F72CB} = {350F7433-E9E9-4108-8849-79480A2A3321}
		{26594626-00F4-4D69-874E-278552C978E6} = {350F7433-E9E9-4108-8849-79480A2A3321}
		{4D6E6C2E-B7A3-4C54-87D8-79524482336B} = {67854778-0F34-43CA-9495-1066ED7734F3}
		{018D1E68-B0B2-45DE-AD9C-8AE6C8B64A3D} = {4D6E6C2E-B7A3-4C54-87D8-79524482336B}
		{1B0EF059-2645-4920-8EFC-3E9BAC0DCFA0} = {4D6E6C2E-B7A3-4C54-87D8-79524482336B}
		{3BCE2F0E-9517-4A61-B7BC-7DCD1A74A020} = {018D1E68-B0B2-45DE-AD9C-8AE6C8B64A3D}
		{47E81C03-7235-4490-8889-8A6CD3F06805} = {018D1E68-B0B2-45DE-AD9C-8AE6C8B64A3D}
		{07E88A50-AF4C-498D-9D23-C4B0365D8B63} = {018D1E68-B0B2-45DE-AD9C-8AE6C8B64A3D}
		{D197714E-33F6-4863-AD49-00B92801EF11} = {018D1E68-B0B2-45DE-AD9C-8AE6C8B64A3D}
		{83B0113D-2504-46AB-97A6-64C8BFFB2C32} = {018D1E68-B0B2-45DE-AD9C-8AE6C8B64A3D}
		{B83EDA19-16AC-4715-803C-3C97AAA9F74C} = {018D1E68-B0B2-45DE-AD9C-8AE6C8B64A3D}
		{EFC69D4E-A3F2-4C9D-905C-4EDFEA6BD028} = {1B0EF059-2645-4920-8EFC-3E9BAC0DCFA0}
		{AEF5EE56-B101-45F9-B054-DE0E02A4FE62} = {1B0EF059-2645-4920-8EFC-3E9BAC0DCFA0}
		{41E218FE-2750-4C20-8580-4847C2202A9C} = {36FFC492-C192-4E22-A29D-FBF70906EBD9}
		{DDCB043A-BA14-452D-81CB-9D71731E0BFA} = {36FFC492-C192-4E22-A29D-FBF70906EBD9}
		{9B0427F6-C25B-4C8F-A795-E95FEFEA8E9F} = {36FFC492-C192-4E22-A29D-FBF70906EBD9}
		{9D796C98-2BCC-4D2D-8A90-3BD20131BC22} = {296BEB47-6492-490A-A04A-2271A0ACD957}
		{3DD8D03C-66C2-4AFC-ADF4-03DDF497FF82} = {296BEB47-6492-490A-A04A-2271A0ACD957}
		{B3FAE35F-6F7D-470F-85EC-51F80A9A082A} = {296BEB47-6492-490A-A04A-2271A0ACD957}
		{2EA743B6-988D-4F07-9418-1620DB3C388F} = {67854778-0F34-43CA-9495-1066ED7734F3}
		{102BCCC6-BE86-4707-B432-A979729FB80E} = {2EA743B6-988D-4F07-9418-1620DB3C388F}
		{FB274B64-1AE2-473C-85A2-9B997F2C56CD} = {102BCCC6-BE86-4707-B432-A979729FB80E}
		{A6D75C7C-4231-41F4-AF77-FCE6FCE24233} = {102BCCC6-BE86-4707-B432-A979729FB80E}
		{9F1CAD56-C82D-45D1-B3EF-CA84F6D7922D} = {102BCCC6-BE86-4707-B432-A979729FB80E}
		{C47E0148-D5CE-4BAB-AB25-BF94F8102901} = {102BCCC6-BE86-4707-B432-A979729FB80E}
		{5F44662E-FFB1-469B-B00F-B091CA1907B8} = {2EA743B6-988D-4F07-9418-1620DB3C388F}
		{9CDC3005-49D9-45F3-9C84-99DF864275F0} = {5F44662E-FFB1-469B-B00F-B091CA1907B8}
		{292B19F5-9EEF-43CF-9756-FD15CCA7547E} = {5F44662E-FFB1-469B-B00F-B091CA1907B8}
		{28B51E6E-2BB1-45B5-B3E1-F316B04BD84B} = {5F44662E-FFB1-469B-B00F-B091CA1907B8}
		{7B617422-99FE-4193-B904-38E1FA067C3A} = {5F44662E-FFB1-469B-B00F-B091CA1907B8}
		{3FE5D67F-FA3A-4878-A431-D3650CBD02A5} = {5F44662E-FFB1-469B-B00F-B091CA1907B8}
		{52FF41A0-77C7-4F8E-BC50-8B48FE25B978} = {5F44662E-FFB1-469B-B00F-B091CA1907B8}
		{73B5BE33-3BB3-4CC2-9A10-DF698D47EA20} = {67854778-0F34-43CA-9495-1066ED7734F3}
		{C711BC04-054F-480C-987B-BB2D93FF524C} = {73B5BE33-3BB3-4CC2-9A10-DF698D47EA20}
		{375156D6-F2E8-425C-A105-EAB930BB60D9} = {73B5BE33-3BB3-4CC2-9A10-DF698D47EA20}
		{9E982784-DFDA-4392-A807-7F3292FC5115} = {73B5BE33-3BB3-4CC2-9A10-DF698D47EA20}
		{B87C00BC-130C-47A1-8563-29CB30D5AC85} = {73B5BE33-3BB3-4CC2-9A10-DF698D47EA20}
		{FA0D6883-AB8C-4626-BA88-E16F090715FE} = {73B5BE33-3BB3-4CC2-9A10-DF698D47EA20}
		{299768B7-7AE4-4B27-9BB4-F2762F344B5F} = {73B5BE33-3BB3-4CC2-9A10-DF698D47EA20}
		{FEBAC8CA-2293-4BDA-988B-6F21F1B65F44} = {73B5BE33-3BB3-4CC2-9A10-DF698D47EA20}
		{3160F670-07D9-40F9-8FB1-8224A0B329C3} = {74DDFE21-064D-4E6F-A119-FD9E73F05F41}
		{817DA0E7-9775-4650-BC19-30411A0C4CE6} = {67E9FB40-3D78-41B9-9143-4BF5A5A309C7}
		{67E9FB40-3D78-41B9-9143-4BF5A5A309C7} = {3160F670-07D9-40F9-8FB1-8224A0B329C3}
		{9AF2CA5F-E0B3-4318-A318-6BBD7EDB2992} = {3160F670-07D9-40F9-8FB1-8224A0B329C3}
		{4AA0B413-7680-494E-AB04-55FC54465B0A} = {3160F670-07D9-40F9-8FB1-8224A0B329C3}
		{75036411-7E53-4395-ACBA-89072163D092} = {3160F670-07D9-40F9-8FB1-8224A0B329C3}
		{72DCC45A-5307-470A-9BAA-017D98083028} = {4AA0B413-7680-494E-AB04-55FC54465B0A}
		{1327D1CA-97AF-452F-ABFA-F93257EF7696} = {4AA0B413-7680-494E-AB04-55FC54465B0A}
		{429F11E4-7A12-4ABA-841F-A50C75D5500F} = {9AF2CA5F-E0B3-4318-A318-6BBD7EDB2992}
		{AE29FAF8-7408-40C0-9941-82ECF2DEDB17} = {3160F670-07D9-40F9-8FB1-8224A0B329C3}
		{4B3B1CA2-83E6-490F-91E1-989D43D35296} = {75036411-7E53-4395-ACBA-89072163D092}
		{B5BAE259-C72E-42F5-9BBD-A640C5BDAA78} = {75036411-7E53-4395-ACBA-89072163D092}
		{BE967D8A-1F57-4A3F-A6D3-01C1FAE09FD9} = {4AA0B413-7680-494E-AB04-55FC54465B0A}
		{DE1FD3DF-8B9D-4521-83BE-CB1301CF1E45} = {3160F670-07D9-40F9-8FB1-8224A0B329C3}
		{72A8F385-4574-4189-BA7A-165900FBECE0} = {DE1FD3DF-8B9D-4521-83BE-CB1301CF1E45}
		{6CF671BE-9BAC-4118-9863-12D6CE36E20C} = {DE1FD3DF-8B9D-4521-83BE-CB1301CF1E45}
		{726F3287-C877-4901-9B96-462EF5D8ACA3} = {DE1FD3DF-8B9D-4521-83BE-CB1301CF1E45}
	EndGlobalSection
EndGlobal
